// !$*UTF8*$!
{
	archiveVersion = 1;
	classes = {
	};
	objectVersion = 46;
	objects = {

/* Begin PBXBuildFile section */
		041C419F1ADA28DB003571A2 /* AppDelegate.swift in Sources */ = {isa = PBXBuildFile; fileRef = 041C419E1ADA28DB003571A2 /* AppDelegate.swift */; };
		041C41A11ADA28DB003571A2 /* RecordSoundsViewController.swift in Sources */ = {isa = PBXBuildFile; fileRef = 041C41A01ADA28DB003571A2 /* RecordSoundsViewController.swift */; };
		041C41A41ADA28DB003571A2 /* Main.storyboard in Resources */ = {isa = PBXBuildFile; fileRef = 041C41A21ADA28DB003571A2 /* Main.storyboard */; };
		041C41A61ADA28DB003571A2 /* Images.xcassets in Resources */ = {isa = PBXBuildFile; fileRef = 041C41A51ADA28DB003571A2 /* Images.xcassets */; };
		041C41A91ADA28DB003571A2 /* LaunchScreen.xib in Resources */ = {isa = PBXBuildFile; fileRef = 041C41A71ADA28DB003571A2 /* LaunchScreen.xib */; };
		041C41B51ADA28DB003571A2 /* Pitch_PerfectTests.swift in Sources */ = {isa = PBXBuildFile; fileRef = 041C41B41ADA28DB003571A2 /* Pitch_PerfectTests.swift */; };
		0431B5381AE371F60004F66A /* RecordedAudio.swift in Sources */ = {isa = PBXBuildFile; fileRef = 0431B5371AE371F60004F66A /* RecordedAudio.swift */; };
		0476433E1ADCE05B004DB185 /* PlaySoundsViewController.swift in Sources */ = {isa = PBXBuildFile; fileRef = 0476433D1ADCE05B004DB185 /* PlaySoundsViewController.swift */; };
		047643401ADD980C004DB185 /* movie_quote.mp3 in Resources */ = {isa = PBXBuildFile; fileRef = 0476433F1ADD980C004DB185 /* movie_quote.mp3 */; };
/* End PBXBuildFile section */

/* Begin PBXContainerItemProxy section */
		041C41AF1ADA28DB003571A2 /* PBXContainerItemProxy */ = {
			isa = PBXContainerItemProxy;
			containerPortal = 041C41911ADA28DA003571A2 /* Project object */;
			proxyType = 1;
			remoteGlobalIDString = 041C41981ADA28DA003571A2;
			remoteInfo = "Pitch Perfect";
		};
/* End PBXContainerItemProxy section */

/* Begin PBXFileReference section */
		041C41991ADA28DB003571A2 /* Pitch Perfect.app */ = {isa = PBXFileReference; explicitFileType = wrapper.application; includeInIndex = 0; path = "Pitch Perfect.app"; sourceTree = BUILT_PRODUCTS_DIR; };
		041C419D1ADA28DB003571A2 /* Info.plist */ = {isa = PBXFileReference; lastKnownFileType = text.plist.xml; path = Info.plist; sourceTree = "<group>"; };
		041C419E1ADA28DB003571A2 /* AppDelegate.swift */ = {isa = PBXFileReference; lastKnownFileType = sourcecode.swift; path = AppDelegate.swift; sourceTree = "<group>"; };
		041C41A01ADA28DB003571A2 /* RecordSoundsViewController.swift */ = {isa = PBXFileReference; lastKnownFileType = sourcecode.swift; path = RecordSoundsViewController.swift; sourceTree = "<group>"; };
		041C41A31ADA28DB003571A2 /* Base */ = {isa = PBXFileReference; lastKnownFileType = file.storyboard; name = Base; path = Base.lproj/Main.storyboard; sourceTree = "<group>"; };
		041C41A51ADA28DB003571A2 /* Images.xcassets */ = {isa = PBXFileReference; lastKnownFileType = folder.assetcatalog; path = Images.xcassets; sourceTree = "<group>"; };
		041C41A81ADA28DB003571A2 /* Base */ = {isa = PBXFileReference; lastKnownFileType = file.xib; name = Base; path = Base.lproj/LaunchScreen.xib; sourceTree = "<group>"; };
		041C41AE1ADA28DB003571A2 /* Pitch PerfectTests.xctest */ = {isa = PBXFileReference; explicitFileType = wrapper.cfbundle; includeInIndex = 0; path = "Pitch PerfectTests.xctest"; sourceTree = BUILT_PRODUCTS_DIR; };
		041C41B31ADA28DB003571A2 /* Info.plist */ = {isa = PBXFileReference; lastKnownFileType = text.plist.xml; path = Info.plist; sourceTree = "<group>"; };
		041C41B41ADA28DB003571A2 /* Pitch_PerfectTests.swift */ = {isa = PBXFileReference; lastKnownFileType = sourcecode.swift; path = Pitch_PerfectTests.swift; sourceTree = "<group>"; };
		0431B5371AE371F60004F66A /* RecordedAudio.swift */ = {isa = PBXFileReference; fileEncoding = 4; lastKnownFileType = sourcecode.swift; path = RecordedAudio.swift; sourceTree = "<group>"; };
		0476433D1ADCE05B004DB185 /* PlaySoundsViewController.swift */ = {isa = PBXFileReference; fileEncoding = 4; lastKnownFileType = sourcecode.swift; path = PlaySoundsViewController.swift; sourceTree = "<group>"; };
		0476433F1ADD980C004DB185 /* movie_quote.mp3 */ = {isa = PBXFileReference; lastKnownFileType = audio.mp3; path = movie_quote.mp3; sourceTree = SOURCE_ROOT; };
/* End PBXFileReference section */

/* Begin PBXFrameworksBuildPhase section */
		041C41961ADA28DA003571A2 /* Frameworks */ = {
			isa = PBXFrameworksBuildPhase;
			buildActionMask = 2147483647;
			files = (
			);
			runOnlyForDeploymentPostprocessing = 0;
		};
		041C41AB1ADA28DB003571A2 /* Frameworks */ = {
			isa = PBXFrameworksBuildPhase;
			buildActionMask = 2147483647;
			files = (
			);
			runOnlyForDeploymentPostprocessing = 0;
		};
/* End PBXFrameworksBuildPhase section */

/* Begin PBXGroup section */
		041C41901ADA28DA003571A2 = {
			isa = PBXGroup;
			children = (
				0431B5371AE371F60004F66A /* RecordedAudio.swift */,
				041C419B1ADA28DB003571A2 /* Pitch Perfect */,
				041C41B11ADA28DB003571A2 /* Pitch PerfectTests */,
				041C419A1ADA28DB003571A2 /* Products */,
			);
			sourceTree = "<group>";
		};
		041C419A1ADA28DB003571A2 /* Products */ = {
			isa = PBXGroup;
			children = (
				041C41991ADA28DB003571A2 /* Pitch Perfect.app */,
				041C41AE1ADA28DB003571A2 /* Pitch PerfectTests.xctest */,
			);
			name = Products;
			sourceTree = "<group>";
		};
		041C419B1ADA28DB003571A2 /* Pitch Perfect */ = {
			isa = PBXGroup;
			children = (
				041C419E1ADA28DB003571A2 /* AppDelegate.swift */,
				041C41A01ADA28DB003571A2 /* RecordSoundsViewController.swift */,
				041C41A21ADA28DB003571A2 /* Main.storyboard */,
				0476433D1ADCE05B004DB185 /* PlaySoundsViewController.swift */,
				041C41A51ADA28DB003571A2 /* Images.xcassets */,
				041C41A71ADA28DB003571A2 /* LaunchScreen.xib */,
				041C419C1ADA28DB003571A2 /* Supporting Files */,
			);
			path = "Pitch Perfect";
			sourceTree = "<group>";
		};
		041C419C1ADA28DB003571A2 /* Supporting Files */ = {
			isa = PBXGroup;
			children = (
				0476433F1ADD980C004DB185 /* movie_quote.mp3 */,
				041C419D1ADA28DB003571A2 /* Info.plist */,
			);
			name = "Supporting Files";
			sourceTree = "<group>";
		};
		041C41B11ADA28DB003571A2 /* Pitch PerfectTests */ = {
			isa = PBXGroup;
			children = (
				041C41B41ADA28DB003571A2 /* Pitch_PerfectTests.swift */,
				041C41B21ADA28DB003571A2 /* Supporting Files */,
			);
			path = "Pitch PerfectTests";
			sourceTree = "<group>";
		};
		041C41B21ADA28DB003571A2 /* Supporting Files */ = {
			isa = PBXGroup;
			children = (
				041C41B31ADA28DB003571A2 /* Info.plist */,
			);
			name = "Supporting Files";
			sourceTree = "<group>";
		};
/* End PBXGroup section */

/* Begin PBXNativeTarget section */
		041C41981ADA28DA003571A2 /* Pitch Perfect */ = {
			isa = PBXNativeTarget;
			buildConfigurationList = 041C41B81ADA28DB003571A2 /* Build configuration list for PBXNativeTarget "Pitch Perfect" */;
			buildPhases = (
				041C41951ADA28DA003571A2 /* Sources */,
				041C41961ADA28DA003571A2 /* Frameworks */,
				041C41971ADA28DA003571A2 /* Resources */,
			);
			buildRules = (
			);
			dependencies = (
			);
			name = "Pitch Perfect";
			productName = "Pitch Perfect";
			productReference = 041C41991ADA28DB003571A2 /* Pitch Perfect.app */;
			productType = "com.apple.product-type.application";
		};
		041C41AD1ADA28DB003571A2 /* Pitch PerfectTests */ = {
			isa = PBXNativeTarget;
			buildConfigurationList = 041C41BB1ADA28DB003571A2 /* Build configuration list for PBXNativeTarget "Pitch PerfectTests" */;
			buildPhases = (
				041C41AA1ADA28DB003571A2 /* Sources */,
				041C41AB1ADA28DB003571A2 /* Frameworks */,
				041C41AC1ADA28DB003571A2 /* Resources */,
			);
			buildRules = (
			);
			dependencies = (
				041C41B01ADA28DB003571A2 /* PBXTargetDependency */,
			);
			name = "Pitch PerfectTests";
			productName = "Pitch PerfectTests";
			productReference = 041C41AE1ADA28DB003571A2 /* Pitch PerfectTests.xctest */;
			productType = "com.apple.product-type.bundle.unit-test";
		};
/* End PBXNativeTarget section */

/* Begin PBXProject section */
		041C41911ADA28DA003571A2 /* Project object */ = {
			isa = PBXProject;
			attributes = {
				LastUpgradeCheck = 0630;
				ORGANIZATIONNAME = "Mattika Vinavong";
				TargetAttributes = {
					041C41981ADA28DA003571A2 = {
						CreatedOnToolsVersion = 6.3;
					};
					041C41AD1ADA28DB003571A2 = {
						CreatedOnToolsVersion = 6.3;
						TestTargetID = 041C41981ADA28DA003571A2;
					};
				};
			};
			buildConfigurationList = 041C41941ADA28DA003571A2 /* Build configuration list for PBXProject "Pitch Perfect" */;
			compatibilityVersion = "Xcode 3.2";
			developmentRegion = English;
			hasScannedForEncodings = 0;
			knownRegions = (
				en,
				Base,
			);
			mainGroup = 041C41901ADA28DA003571A2;
			productRefGroup = 041C419A1ADA28DB003571A2 /* Products */;
			projectDirPath = "";
			projectRoot = "";
			targets = (
				041C41981ADA28DA003571A2 /* Pitch Perfect */,
				041C41AD1ADA28DB003571A2 /* Pitch PerfectTests */,
			);
		};
/* End PBXProject section */

/* Begin PBXResourcesBuildPhase section */
		041C41971ADA28DA003571A2 /* Resources */ = {
			isa = PBXResourcesBuildPhase;
			buildActionMask = 2147483647;
			files = (
				041C41A41ADA28DB003571A2 /* Main.storyboard in Resources */,
				041C41A91ADA28DB003571A2 /* LaunchScreen.xib in Resources */,
				047643401ADD980C004DB185 /* movie_quote.mp3 in Resources */,
				041C41A61ADA28DB003571A2 /* Images.xcassets in Resources */,
			);
			runOnlyForDeploymentPostprocessing = 0;
		};
		041C41AC1ADA28DB003571A2 /* Resources */ = {
			isa = PBXResourcesBuildPhase;
			buildActionMask = 2147483647;
			files = (
			);
			runOnlyForDeploymentPostprocessing = 0;
		};
/* End PBXResourcesBuildPhase section */

/* Begin PBXSourcesBuildPhase section */
		041C41951ADA28DA003571A2 /* Sources */ = {
			isa = PBXSourcesBuildPhase;
			buildActionMask = 2147483647;
			files = (
				0431B5381AE371F60004F66A /* RecordedAudio.swift in Sources */,
				041C41A11ADA28DB003571A2 /* RecordSoundsViewController.swift in Sources */,
				0476433E1ADCE05B004DB185 /* PlaySoundsViewController.swift in Sources */,
				041C419F1ADA28DB003571A2 /* AppDelegate.swift in Sources */,
			);
			runOnlyForDeploymentPostprocessing = 0;
		};
		041C41AA1ADA28DB003571A2 /* Sources */ = {
			isa = PBXSourcesBuildPhase;
			buildActionMask = 2147483647;
			files = (
				041C41B51ADA28DB003571A2 /* Pitch_PerfectTests.swift in Sources */,
			);
			runOnlyForDeploymentPostprocessing = 0;
		};
/* End PBXSourcesBuildPhase section */

/* Begin PBXTargetDependency section */
		041C41B01ADA28DB003571A2 /* PBXTargetDependency */ = {
			isa = PBXTargetDependency;
			target = 041C41981ADA28DA003571A2 /* Pitch Perfect */;
			targetProxy = 041C41AF1ADA28DB003571A2 /* PBXContainerItemProxy */;
		};
/* End PBXTargetDependency section */

/* Begin PBXVariantGroup section */
		041C41A21ADA28DB003571A2 /* Main.storyboard */ = {
			isa = PBXVariantGroup;
			children = (
				041C41A31ADA28DB003571A2 /* Base */,
			);
			name = Main.storyboard;
			sourceTree = "<group>";
		};
		041C41A71ADA28DB003571A2 /* LaunchScreen.xib */ = {
			isa = PBXVariantGroup;
			children = (
				041C41A81ADA28DB003571A2 /* Base */,
			);
			name = LaunchScreen.xib;
			sourceTree = "<group>";
		};
/* End PBXVariantGroup section */

/* Begin XCBuildConfiguration section */
		041C41B61ADA28DB003571A2 /* Debug */ = {
			isa = XCBuildConfiguration;
			buildSettings = {
				ALWAYS_SEARCH_USER_PATHS = NO;
				CLANG_CXX_LANGUAGE_STANDARD = "gnu++0x";
				CLANG_CXX_LIBRARY = "libc++";
				CLANG_ENABLE_MODULES = YES;
				CLANG_ENABLE_OBJC_ARC = YES;
				CLANG_WARN_BOOL_CONVERSION = YES;
				CLANG_WARN_CONSTANT_CONVERSION = YES;
				CLANG_WARN_DIRECT_OBJC_ISA_USAGE = YES_ERROR;
				CLANG_WARN_EMPTY_BODY = YES;
				CLANG_WARN_ENUM_CONVERSION = YES;
				CLANG_WARN_INT_CONVERSION = YES;
				CLANG_WARN_OBJC_ROOT_CLASS = YES_ERROR;
				CLANG_WARN_UNREACHABLE_CODE = YES;
				CLANG_WARN__DUPLICATE_METHOD_MATCH = YES;
				"CODE_SIGN_IDENTITY[sdk=iphoneos*]" = "iPhone Developer";
				COPY_PHASE_STRIP = NO;
				DEBUG_INFORMATION_FORMAT = "dwarf-with-dsym";
				ENABLE_STRICT_OBJC_MSGSEND = YES;
				GCC_C_LANGUAGE_STANDARD = gnu99;
				GCC_DYNAMIC_NO_PIC = NO;
				GCC_NO_COMMON_BLOCKS = YES;
				GCC_OPTIMIZATION_LEVEL = 0;
				GCC_PREPROCESSOR_DEFINITIONS = (
					"DEBUG=1",
					"$(inherited)",
				);
				GCC_SYMBOLS_PRIVATE_EXTERN = NO;
				GCC_WARN_64_TO_32_BIT_CONVERSION = YES;
				GCC_WARN_ABOUT_RETURN_TYPE = YES_ERROR;
				GCC_WARN_UNDECLARED_SELECTOR = YES;
				GCC_WARN_UNINITIALIZED_AUTOS = YES_AGGRESSIVE;
				GCC_WARN_UNUSED_FUNCTION = YES;
				GCC_WARN_UNUSED_VARIABLE = YES;
				IPHONEOS_DEPLOYMENT_TARGET = 8.3;
				MTL_ENABLE_DEBUG_INFO = YES;
				ONLY_ACTIVE_ARCH = YES;
				SDKROOT = iphoneos;
				SWIFT_OPTIMIZATION_LEVEL = "-Onone";
			};
			name = Debug;
		};
		041C41B71ADA28DB003571A2 /* Release */ = {
			isa = XCBuildConfiguration;
			buildSettings = {
				ALWAYS_SEARCH_USER_PATHS = NO;
				CLANG_CXX_LANGUAGE_STANDARD = "gnu++0x";
				CLANG_CXX_LIBRARY = "libc++";
				CLANG_ENABLE_MODULES = YES;
				CLANG_ENABLE_OBJC_ARC = YES;
				CLANG_WARN_BOOL_CONVERSION = YES;
				CLANG_WARN_CONSTANT_CONVERSION = YES;
				CLANG_WARN_DIRECT_OBJC_ISA_USAGE = YES_ERROR;
				CLANG_WARN_EMPTY_BODY = YES;
				CLANG_WARN_ENUM_CONVERSION = YES;
				CLANG_WARN_INT_CONVERSION = YES;
				CLANG_WARN_OBJC_ROOT_CLASS = YES_ERROR;
				CLANG_WARN_UNREACHABLE_CODE = YES;
				CLANG_WARN__DUPLICATE_METHOD_MATCH = YES;
				"CODE_SIGN_IDENTITY[sdk=iphoneos*]" = "iPhone Developer";
				COPY_PHASE_STRIP = NO;
				DEBUG_INFORMATION_FORMAT = "dwarf-with-dsym";
				ENABLE_NS_ASSERTIONS = NO;
				ENABLE_STRICT_OBJC_MSGSEND = YES;
				GCC_C_LANGUAGE_STANDARD = gnu99;
				GCC_NO_COMMON_BLOCKS = YES;
				GCC_WARN_64_TO_32_BIT_CONVERSION = YES;
				GCC_WARN_ABOUT_RETURN_TYPE = YES_ERROR;
				GCC_WARN_UNDECLARED_SELECTOR = YES;
				GCC_WARN_UNINITIALIZED_AUTOS = YES_AGGRESSIVE;
				GCC_WARN_UNUSED_FUNCTION = YES;
				GCC_WARN_UNUSED_VARIABLE = YES;
				IPHONEOS_DEPLOYMENT_TARGET = 8.3;
				MTL_ENABLE_DEBUG_INFO = NO;
				SDKROOT = iphoneos;
				VALIDATE_PRODUCT = YES;
			};
			name = Release;
		};
		041C41B91ADA28DB003571A2 /* Debug */ = {
			isa = XCBuildConfiguration;
			buildSettings = {
				ASSETCATALOG_COMPILER_APPICON_NAME = AppIcon;
				INFOPLIST_FILE = "Pitch Perfect/Info.plist";
				LD_RUNPATH_SEARCH_PATHS = "$(inherited) @executable_path/Frameworks";
				PRODUCT_NAME = "$(TARGET_NAME)";
			};
			name = Debug;
		};
		041C41BA1ADA28DB003571A2 /* Release */ = {
			isa = XCBuildConfiguration;
			buildSettings = {
				ASSETCATALOG_COMPILER_APPICON_NAME = AppIcon;
				INFOPLIST_FILE = "Pitch Perfect/Info.plist";
				LD_RUNPATH_SEARCH_PATHS = "$(inherited) @executable_path/Frameworks";
				PRODUCT_NAME = "$(TARGET_NAME)";
			};
			name = Release;
		};
		041C41BC1ADA28DB003571A2 /* Debug */ = {
			isa = XCBuildConfiguration;
			buildSettings = {
				BUNDLE_LOADER = "$(TEST_HOST)";
				FRAMEWORK_SEARCH_PATHS = (
					"$(SDKROOT)/Developer/Library/Frameworks",
					"$(inherited)",
				);
				GCC_PREPROCESSOR_DEFINITIONS = (
					"DEBUG=1",
					"$(inherited)",
				);
				INFOPLIST_FILE = "Pitch PerfectTests/Info.plist";
				LD_RUNPATH_SEARCH_PATHS = "$(inherited) @executable_path/Frameworks @loader_path/Frameworks";
				PRODUCT_NAME = "$(TARGET_NAME)";
				TEST_HOST = "$(BUILT_PRODUCTS_DIR)/Pitch Perfect.app/Pitch Perfect";
			};
			name = Debug;
		};
		041C41BD1ADA28DB003571A2 /* Release */ = {
			isa = XCBuildConfiguration;
			buildSettings = {
				BUNDLE_LOADER = "$(TEST_HOST)";
				FRAMEWORK_SEARCH_PATHS = (
					"$(SDKROOT)/Developer/Library/Frameworks",
					"$(inherited)",
				);
				INFOPLIST_FILE = "Pitch PerfectTests/Info.plist";
				LD_RUNPATH_SEARCH_PATHS = "$(inherited) @executable_path/Frameworks @loader_path/Frameworks";
				PRODUCT_NAME = "$(TARGET_NAME)";
				TEST_HOST = "$(BUILT_PRODUCTS_DIR)/Pitch Perfect.app/Pitch Perfect";
			};
			name = Release;
		};
/* End XCBuildConfiguration section */

/* Begin XCConfigurationList section */
		041C41941ADA28DA003571A2 /* Build configuration list for PBXProject "Pitch Perfect" */ = {
			isa = XCConfigurationList;
			buildConfigurations = (
				041C41B61ADA28DB003571A2 /* Debug */,
				041C41B71ADA28DB003571A2 /* Release */,
			);
			defaultConfigurationIsVisible = 0;
			defaultConfigurationName = Release;
		};
		041C41B81ADA28DB003571A2 /* Build configuration list for PBXNativeTarget "Pitch Perfect" */ = {
			isa = XCConfigurationList;
			buildConfigurations = (
				041C41B91ADA28DB003571A2 /* Debug */,
				041C41BA1ADA28DB003571A2 /* Release */,
			);
			defaultConfigurationIsVisible = 0;
			defaultConfigurationName = Release;
		};
		041C41BB1ADA28DB003571A2 /* Build configuration list for PBXNativeTarget "Pitch PerfectTests" */ = {
			isa = XCConfigurationList;
			buildConfigurations = (
				041C41BC1ADA28DB003571A2 /* Debug */,
				041C41BD1ADA28DB003571A2 /* Release */,
			);
			defaultConfigurationIsVisible = 0;
			defaultConfigurationName = Release;
		};
/* End XCConfigurationList section */
	};
	rootObject = 041C41911ADA28DA003571A2 /* Project object */;
}
